
Microsoft Visual Studio Solution File, Format Version 12.00
# Visual Studio Version 17
VisualStudioVersion = 17.8.34525.116
MinimumVisualStudioVersion = 10.0.40219.1
Project("{FAE04EC0-301F-11D3-BF4B-00C04F79EFBC}") = "RotaryGunScript", "RotaryGunScript\RotaryGunScript.csproj", "{04FD1402-5547-4C8F-97E2-8186B074E907}"
EndProject
Global
	GlobalSection(SolutionConfigurationPlatforms) = preSolution
		Debug|x64 = Debug|x64
	EndGlobalSection
	GlobalSection(ProjectConfigurationPlatforms) = postSolution
		{04FD1402-5547-4C8F-97E2-8186B074E907}.Debug|x64.ActiveCfg = Debug|x64
		{04FD1402-5547-4C8F-97E2-8186B074E907}.Debug|x64.Build.0 = Debug|x64
	EndGlobalSection
	GlobalSection(SolutionProperties) = preSolution
		HideSolutionNode = FALSE
	EndGlobalSection
	GlobalSection(ExtensibilityGlobals) = postSolution
		SolutionGuid = {CF6BED7E-D588-4868-93F0-40B11F3ABCFE}
	EndGlobalSection
EndGlobal
